
Microsoft Visual Studio Solution File, Format Version 12.00
# Visual Studio 14
VisualStudioVersion = 14.0.25420.1
MinimumVisualStudioVersion = 10.0.40219.1
Project("{FAE04EC0-301F-11D3-BF4B-00C04F79EFBC}") = "App_Main", "App_Main\App_Main.csproj", "{EB00A523-2080-4C87-A684-984DF8BDA1FD}"
EndProject
Project("{FAE04EC0-301F-11D3-BF4B-00C04F79EFBC}") = "C_AdapterPattern", "C_AdapterPattern\C_AdapterPattern.csproj", "{88E77457-078F-4107-9E8B-D18EC7DF8F25}"
EndProject
Project("{2150E333-8FDC-42A3-9474-1A3956D46DE8}") = "Solution Items", "Solution Items", "{835588D6-ABBD-4AA7-969B-CE8C9A430860}"
	ProjectSection(SolutionItems) = preProject
		..\README.md = ..\README.md
	EndProjectSection
EndProject
Project("{FAE04EC0-301F-11D3-BF4B-00C04F79EFBC}") = "IMapp", "IMapp\IMapp.csproj", "{F8A5B68A-7F7D-4050-BED2-C0FEA751A8FA}"
EndProject
Global
	GlobalSection(SolutionConfigurationPlatforms) = preSolution
		Debug|Any CPU = Debug|Any CPU
		Release|Any CPU = Release|Any CPU
	EndGlobalSection
	GlobalSection(ProjectConfigurationPlatforms) = postSolution
		{EB00A523-2080-4C87-A684-984DF8BDA1FD}.Debug|Any CPU.ActiveCfg = Debug|Any CPU
		{EB00A523-2080-4C87-A684-984DF8BDA1FD}.Debug|Any CPU.Build.0 = Debug|Any CPU
		{EB00A523-2080-4C87-A684-984DF8BDA1FD}.Release|Any CPU.ActiveCfg = Release|Any CPU
		{EB00A523-2080-4C87-A684-984DF8BDA1FD}.Release|Any CPU.Build.0 = Release|Any CPU
		{88E77457-078F-4107-9E8B-D18EC7DF8F25}.Debug|Any CPU.ActiveCfg = Debug|Any CPU
		{88E77457-078F-4107-9E8B-D18EC7DF8F25}.Debug|Any CPU.Build.0 = Debug|Any CPU
		{88E77457-078F-4107-9E8B-D18EC7DF8F25}.Release|Any CPU.ActiveCfg = Release|Any CPU
		{88E77457-078F-4107-9E8B-D18EC7DF8F25}.Release|Any CPU.Build.0 = Release|Any CPU
		{F8A5B68A-7F7D-4050-BED2-C0FEA751A8FA}.Debug|Any CPU.ActiveCfg = Debug|Any CPU
		{F8A5B68A-7F7D-4050-BED2-C0FEA751A8FA}.Debug|Any CPU.Build.0 = Debug|Any CPU
		{F8A5B68A-7F7D-4050-BED2-C0FEA751A8FA}.Release|Any CPU.ActiveCfg = Release|Any CPU
		{F8A5B68A-7F7D-4050-BED2-C0FEA751A8FA}.Release|Any CPU.Build.0 = Release|Any CPU
	EndGlobalSection
	GlobalSection(SolutionProperties) = preSolution
		HideSolutionNode = FALSE
	EndGlobalSection
EndGlobal
